// !$*UTF8*$!
{
	archiveVersion = 1;
	classes = {
	};
	objectVersion = 46;
	objects = {

/* Begin PBXBuildFile section */
		A3BE44591FC87DF700324B51 /* Gminor.wav in Resources */ = {isa = PBXBuildFile; fileRef = A3BE44351FC87DF700324B51 /* Gminor.wav */; };
		A3BE445A1FC87DF700324B51 /* Gmajor.wav in Resources */ = {isa = PBXBuildFile; fileRef = A3BE44361FC87DF700324B51 /* Gmajor.wav */; };
		A3BE445B1FC87DF700324B51 /* Gm7b5.wav in Resources */ = {isa = PBXBuildFile; fileRef = A3BE44371FC87DF700324B51 /* Gm7b5.wav */; };
		A3BE445C1FC87DF700324B51 /* Gbminor.wav in Resources */ = {isa = PBXBuildFile; fileRef = A3BE44381FC87DF700324B51 /* Gbminor.wav */; };
		A3BE445D1FC87DF700324B51 /* Gbmajor.wav in Resources */ = {isa = PBXBuildFile; fileRef = A3BE44391FC87DF700324B51 /* Gbmajor.wav */; };
		A3BE445E1FC87DF700324B51 /* Gbm7b5.wav in Resources */ = {isa = PBXBuildFile; fileRef = A3BE443A1FC87DF700324B51 /* Gbm7b5.wav */; };
		A3BE445F1FC87DF700324B51 /* Fminor.wav in Resources */ = {isa = PBXBuildFile; fileRef = A3BE443B1FC87DF700324B51 /* Fminor.wav */; };
		A3BE44601FC87DF700324B51 /* Fmajor.wav in Resources */ = {isa = PBXBuildFile; fileRef = A3BE443C1FC87DF700324B51 /* Fmajor.wav */; };
		A3BE44611FC87DF700324B51 /* Fm7b5.wav in Resources */ = {isa = PBXBuildFile; fileRef = A3BE443D1FC87DF700324B51 /* Fm7b5.wav */; };
		A3BE44621FC87DF700324B51 /* Eminor.wav in Resources */ = {isa = PBXBuildFile; fileRef = A3BE443E1FC87DF700324B51 /* Eminor.wav */; };
		A3BE44631FC87DF700324B51 /* Emajor.wav in Resources */ = {isa = PBXBuildFile; fileRef = A3BE443F1FC87DF700324B51 /* Emajor.wav */; };
		A3BE44641FC87DF700324B51 /* Em7b5.wav in Resources */ = {isa = PBXBuildFile; fileRef = A3BE44401FC87DF700324B51 /* Em7b5.wav */; };
		A3BE44651FC87DF700324B51 /* Ebminor.wav in Resources */ = {isa = PBXBuildFile; fileRef = A3BE44411FC87DF700324B51 /* Ebminor.wav */; };
		A3BE44661FC87DF700324B51 /* Ebmajor.wav in Resources */ = {isa = PBXBuildFile; fileRef = A3BE44421FC87DF700324B51 /* Ebmajor.wav */; };
		A3BE44671FC87DF700324B51 /* Ebm7b5.wav in Resources */ = {isa = PBXBuildFile; fileRef = A3BE44431FC87DF700324B51 /* Ebm7b5.wav */; };
		A3BE44681FC87DF700324B51 /* Dminor.wav in Resources */ = {isa = PBXBuildFile; fileRef = A3BE44441FC87DF700324B51 /* Dminor.wav */; };
		A3BE44691FC87DF700324B51 /* Dmajor.wav in Resources */ = {isa = PBXBuildFile; fileRef = A3BE44451FC87DF700324B51 /* Dmajor.wav */; };
		A3BE446A1FC87DF700324B51 /* Dm7b5.wav in Resources */ = {isa = PBXBuildFile; fileRef = A3BE44461FC87DF700324B51 /* Dm7b5.wav */; };
		A3BE446B1FC87DF700324B51 /* Dbminor.wav in Resources */ = {isa = PBXBuildFile; fileRef = A3BE44471FC87DF700324B51 /* Dbminor.wav */; };
		A3BE446C1FC87DF700324B51 /* Dbmajor.wav in Resources */ = {isa = PBXBuildFile; fileRef = A3BE44481FC87DF700324B51 /* Dbmajor.wav */; };
		A3BE446D1FC87DF700324B51 /* Dbm7b5.wav in Resources */ = {isa = PBXBuildFile; fileRef = A3BE44491FC87DF700324B51 /* Dbm7b5.wav */; };
		A3BE446E1FC87DF700324B51 /* Cminor.wav in Resources */ = {isa = PBXBuildFile; fileRef = A3BE444A1FC87DF700324B51 /* Cminor.wav */; };
		A3BE446F1FC87DF700324B51 /* Cmajor.wav in Resources */ = {isa = PBXBuildFile; fileRef = A3BE444B1FC87DF700324B51 /* Cmajor.wav */; };
		A3BE44701FC87DF700324B51 /* Cm7b5.wav in Resources */ = {isa = PBXBuildFile; fileRef = A3BE444C1FC87DF700324B51 /* Cm7b5.wav */; };
		A3BE44711FC87DF700324B51 /* Bminor.wav in Resources */ = {isa = PBXBuildFile; fileRef = A3BE444D1FC87DF700324B51 /* Bminor.wav */; };
		A3BE44721FC87DF700324B51 /* Bmajor.wav in Resources */ = {isa = PBXBuildFile; fileRef = A3BE444E1FC87DF700324B51 /* Bmajor.wav */; };
		A3BE44731FC87DF700324B51 /* Bm7b5.wav in Resources */ = {isa = PBXBuildFile; fileRef = A3BE444F1FC87DF700324B51 /* Bm7b5.wav */; };
		A3BE44741FC87DF700324B51 /* Bbminor.wav in Resources */ = {isa = PBXBuildFile; fileRef = A3BE44501FC87DF700324B51 /* Bbminor.wav */; };
		A3BE44751FC87DF700324B51 /* Bbmajor.wav in Resources */ = {isa = PBXBuildFile; fileRef = A3BE44511FC87DF700324B51 /* Bbmajor.wav */; };
		A3BE44761FC87DF700324B51 /* Bbm7b5.wav in Resources */ = {isa = PBXBuildFile; fileRef = A3BE44521FC87DF700324B51 /* Bbm7b5.wav */; };
		A3BE44771FC87DF700324B51 /* Aminor.wav in Resources */ = {isa = PBXBuildFile; fileRef = A3BE44531FC87DF700324B51 /* Aminor.wav */; };
		A3BE44781FC87DF700324B51 /* Amajor.wav in Resources */ = {isa = PBXBuildFile; fileRef = A3BE44541FC87DF700324B51 /* Amajor.wav */; };
		A3BE44791FC87DF700324B51 /* Am7b5.wav in Resources */ = {isa = PBXBuildFile; fileRef = A3BE44551FC87DF700324B51 /* Am7b5.wav */; };
		A3BE447A1FC87DF700324B51 /* Abminor.wav in Resources */ = {isa = PBXBuildFile; fileRef = A3BE44561FC87DF700324B51 /* Abminor.wav */; };
		A3BE447B1FC87DF700324B51 /* Abmajor.wav in Resources */ = {isa = PBXBuildFile; fileRef = A3BE44571FC87DF700324B51 /* Abmajor.wav */; };
		A3BE447C1FC87DF700324B51 /* Abm7b5.wav in Resources */ = {isa = PBXBuildFile; fileRef = A3BE44581FC87DF700324B51 /* Abm7b5.wav */; };
		A3E0DAF91FBC8D82003E68A5 /* main.m in Sources */ = {isa = PBXBuildFile; fileRef = A3E0DAF81FBC8D82003E68A5 /* main.m */; };
		A3E0DAFC1FBC8D82003E68A5 /* AppDelegate.m in Sources */ = {isa = PBXBuildFile; fileRef = A3E0DAFB1FBC8D82003E68A5 /* AppDelegate.m */; };
		A3E0DAFF1FBC8D82003E68A5 /* ViewController.m in Sources */ = {isa = PBXBuildFile; fileRef = A3E0DAFE1FBC8D82003E68A5 /* ViewController.m */; };
		A3E0DB021FBC8D82003E68A5 /* Main.storyboard in Resources */ = {isa = PBXBuildFile; fileRef = A3E0DB001FBC8D82003E68A5 /* Main.storyboard */; };
		A3E0DB041FBC8D82003E68A5 /* Assets.xcassets in Resources */ = {isa = PBXBuildFile; fileRef = A3E0DB031FBC8D82003E68A5 /* Assets.xcassets */; };
		A3E0DB071FBC8D82003E68A5 /* LaunchScreen.storyboard in Resources */ = {isa = PBXBuildFile; fileRef = A3E0DB051FBC8D82003E68A5 /* LaunchScreen.storyboard */; };
		A3E0DB121FBC8D82003E68A5 /* Writers_JamTests.m in Sources */ = {isa = PBXBuildFile; fileRef = A3E0DB111FBC8D82003E68A5 /* Writers_JamTests.m */; };
		A3E0DB1D1FBC8D82003E68A5 /* Writers_JamUITests.m in Sources */ = {isa = PBXBuildFile; fileRef = A3E0DB1C1FBC8D82003E68A5 /* Writers_JamUITests.m */; };
		A3E0DB2C1FBDD3D9003E68A5 /* AVFoundation.framework in Frameworks */ = {isa = PBXBuildFile; fileRef = A3E0DB2B1FBDD3D9003E68A5 /* AVFoundation.framework */; };
		A3E0DB321FBDF3C3003E68A5 /* ChordLibrary.m in Sources */ = {isa = PBXBuildFile; fileRef = A3E0DB311FBDF3C3003E68A5 /* ChordLibrary.m */; };
		DE37ECFF1FC4821000EF632C /* KeyController.m in Sources */ = {isa = PBXBuildFile; fileRef = DE37ECFE1FC4821000EF632C /* KeyController.m */; };
/* End PBXBuildFile section */

/* Begin PBXContainerItemProxy section */
		A3E0DB0E1FBC8D82003E68A5 /* PBXContainerItemProxy */ = {
			isa = PBXContainerItemProxy;
			containerPortal = A3E0DAEC1FBC8D82003E68A5 /* Project object */;
			proxyType = 1;
			remoteGlobalIDString = A3E0DAF31FBC8D82003E68A5;
			remoteInfo = "Writers Jam";
		};
		A3E0DB191FBC8D82003E68A5 /* PBXContainerItemProxy */ = {
			isa = PBXContainerItemProxy;
			containerPortal = A3E0DAEC1FBC8D82003E68A5 /* Project object */;
			proxyType = 1;
			remoteGlobalIDString = A3E0DAF31FBC8D82003E68A5;
			remoteInfo = "Writers Jam";
		};
/* End PBXContainerItemProxy section */

/* Begin PBXFileReference section */
		A3BE44351FC87DF700324B51 /* Gminor.wav */ = {isa = PBXFileReference; lastKnownFileType = audio.wav; name = Gminor.wav; path = "Audio Samples/Gminor.wav"; sourceTree = "<group>"; };
		A3BE44361FC87DF700324B51 /* Gmajor.wav */ = {isa = PBXFileReference; lastKnownFileType = audio.wav; name = Gmajor.wav; path = "Audio Samples/Gmajor.wav"; sourceTree = "<group>"; };
		A3BE44371FC87DF700324B51 /* Gm7b5.wav */ = {isa = PBXFileReference; lastKnownFileType = audio.wav; name = Gm7b5.wav; path = "Audio Samples/Gm7b5.wav"; sourceTree = "<group>"; };
		A3BE44381FC87DF700324B51 /* Gbminor.wav */ = {isa = PBXFileReference; lastKnownFileType = audio.wav; name = Gbminor.wav; path = "Audio Samples/Gbminor.wav"; sourceTree = "<group>"; };
		A3BE44391FC87DF700324B51 /* Gbmajor.wav */ = {isa = PBXFileReference; lastKnownFileType = audio.wav; name = Gbmajor.wav; path = "Audio Samples/Gbmajor.wav"; sourceTree = "<group>"; };
		A3BE443A1FC87DF700324B51 /* Gbm7b5.wav */ = {isa = PBXFileReference; lastKnownFileType = audio.wav; name = Gbm7b5.wav; path = "Audio Samples/Gbm7b5.wav"; sourceTree = "<group>"; };
		A3BE443B1FC87DF700324B51 /* Fminor.wav */ = {isa = PBXFileReference; lastKnownFileType = audio.wav; name = Fminor.wav; path = "Audio Samples/Fminor.wav"; sourceTree = "<group>"; };
		A3BE443C1FC87DF700324B51 /* Fmajor.wav */ = {isa = PBXFileReference; lastKnownFileType = audio.wav; name = Fmajor.wav; path = "Audio Samples/Fmajor.wav"; sourceTree = "<group>"; };
		A3BE443D1FC87DF700324B51 /* Fm7b5.wav */ = {isa = PBXFileReference; lastKnownFileType = audio.wav; name = Fm7b5.wav; path = "Audio Samples/Fm7b5.wav"; sourceTree = "<group>"; };
		A3BE443E1FC87DF700324B51 /* Eminor.wav */ = {isa = PBXFileReference; lastKnownFileType = audio.wav; name = Eminor.wav; path = "Audio Samples/Eminor.wav"; sourceTree = "<group>"; };
		A3BE443F1FC87DF700324B51 /* Emajor.wav */ = {isa = PBXFileReference; lastKnownFileType = audio.wav; name = Emajor.wav; path = "Audio Samples/Emajor.wav"; sourceTree = "<group>"; };
		A3BE44401FC87DF700324B51 /* Em7b5.wav */ = {isa = PBXFileReference; lastKnownFileType = audio.wav; name = Em7b5.wav; path = "Audio Samples/Em7b5.wav"; sourceTree = "<group>"; };
		A3BE44411FC87DF700324B51 /* Ebminor.wav */ = {isa = PBXFileReference; lastKnownFileType = audio.wav; name = Ebminor.wav; path = "Audio Samples/Ebminor.wav"; sourceTree = "<group>"; };
		A3BE44421FC87DF700324B51 /* Ebmajor.wav */ = {isa = PBXFileReference; lastKnownFileType = audio.wav; name = Ebmajor.wav; path = "Audio Samples/Ebmajor.wav"; sourceTree = "<group>"; };
		A3BE44431FC87DF700324B51 /* Ebm7b5.wav */ = {isa = PBXFileReference; lastKnownFileType = audio.wav; name = Ebm7b5.wav; path = "Audio Samples/Ebm7b5.wav"; sourceTree = "<group>"; };
		A3BE44441FC87DF700324B51 /* Dminor.wav */ = {isa = PBXFileReference; lastKnownFileType = audio.wav; name = Dminor.wav; path = "Audio Samples/Dminor.wav"; sourceTree = "<group>"; };
		A3BE44451FC87DF700324B51 /* Dmajor.wav */ = {isa = PBXFileReference; lastKnownFileType = audio.wav; name = Dmajor.wav; path = "Audio Samples/Dmajor.wav"; sourceTree = "<group>"; };
		A3BE44461FC87DF700324B51 /* Dm7b5.wav */ = {isa = PBXFileReference; lastKnownFileType = audio.wav; name = Dm7b5.wav; path = "Audio Samples/Dm7b5.wav"; sourceTree = "<group>"; };
		A3BE44471FC87DF700324B51 /* Dbminor.wav */ = {isa = PBXFileReference; lastKnownFileType = audio.wav; name = Dbminor.wav; path = "Audio Samples/Dbminor.wav"; sourceTree = "<group>"; };
		A3BE44481FC87DF700324B51 /* Dbmajor.wav */ = {isa = PBXFileReference; lastKnownFileType = audio.wav; name = Dbmajor.wav; path = "Audio Samples/Dbmajor.wav"; sourceTree = "<group>"; };
		A3BE44491FC87DF700324B51 /* Dbm7b5.wav */ = {isa = PBXFileReference; lastKnownFileType = audio.wav; name = Dbm7b5.wav; path = "Audio Samples/Dbm7b5.wav"; sourceTree = "<group>"; };
		A3BE444A1FC87DF700324B51 /* Cminor.wav */ = {isa = PBXFileReference; lastKnownFileType = audio.wav; name = Cminor.wav; path = "Audio Samples/Cminor.wav"; sourceTree = "<group>"; };
		A3BE444B1FC87DF700324B51 /* Cmajor.wav */ = {isa = PBXFileReference; lastKnownFileType = audio.wav; name = Cmajor.wav; path = "Audio Samples/Cmajor.wav"; sourceTree = "<group>"; };
		A3BE444C1FC87DF700324B51 /* Cm7b5.wav */ = {isa = PBXFileReference; lastKnownFileType = audio.wav; name = Cm7b5.wav; path = "Audio Samples/Cm7b5.wav"; sourceTree = "<group>"; };
		A3BE444D1FC87DF700324B51 /* Bminor.wav */ = {isa = PBXFileReference; lastKnownFileType = audio.wav; name = Bminor.wav; path = "Audio Samples/Bminor.wav"; sourceTree = "<group>"; };
		A3BE444E1FC87DF700324B51 /* Bmajor.wav */ = {isa = PBXFileReference; lastKnownFileType = audio.wav; name = Bmajor.wav; path = "Audio Samples/Bmajor.wav"; sourceTree = "<group>"; };
		A3BE444F1FC87DF700324B51 /* Bm7b5.wav */ = {isa = PBXFileReference; lastKnownFileType = audio.wav; name = Bm7b5.wav; path = "Audio Samples/Bm7b5.wav"; sourceTree = "<group>"; };
		A3BE44501FC87DF700324B51 /* Bbminor.wav */ = {isa = PBXFileReference; lastKnownFileType = audio.wav; name = Bbminor.wav; path = "Audio Samples/Bbminor.wav"; sourceTree = "<group>"; };
		A3BE44511FC87DF700324B51 /* Bbmajor.wav */ = {isa = PBXFileReference; lastKnownFileType = audio.wav; name = Bbmajor.wav; path = "Audio Samples/Bbmajor.wav"; sourceTree = "<group>"; };
		A3BE44521FC87DF700324B51 /* Bbm7b5.wav */ = {isa = PBXFileReference; lastKnownFileType = audio.wav; name = Bbm7b5.wav; path = "Audio Samples/Bbm7b5.wav"; sourceTree = "<group>"; };
		A3BE44531FC87DF700324B51 /* Aminor.wav */ = {isa = PBXFileReference; lastKnownFileType = audio.wav; name = Aminor.wav; path = "Audio Samples/Aminor.wav"; sourceTree = "<group>"; };
		A3BE44541FC87DF700324B51 /* Amajor.wav */ = {isa = PBXFileReference; lastKnownFileType = audio.wav; name = Amajor.wav; path = "Audio Samples/Amajor.wav"; sourceTree = "<group>"; };
		A3BE44551FC87DF700324B51 /* Am7b5.wav */ = {isa = PBXFileReference; lastKnownFileType = audio.wav; name = Am7b5.wav; path = "Audio Samples/Am7b5.wav"; sourceTree = "<group>"; };
		A3BE44561FC87DF700324B51 /* Abminor.wav */ = {isa = PBXFileReference; lastKnownFileType = audio.wav; name = Abminor.wav; path = "Audio Samples/Abminor.wav"; sourceTree = "<group>"; };
		A3BE44571FC87DF700324B51 /* Abmajor.wav */ = {isa = PBXFileReference; lastKnownFileType = audio.wav; name = Abmajor.wav; path = "Audio Samples/Abmajor.wav"; sourceTree = "<group>"; };
		A3BE44581FC87DF700324B51 /* Abm7b5.wav */ = {isa = PBXFileReference; lastKnownFileType = audio.wav; name = Abm7b5.wav; path = "Audio Samples/Abm7b5.wav"; sourceTree = "<group>"; };
		A3E0DAF41FBC8D82003E68A5 /* Writers Jam.app */ = {isa = PBXFileReference; explicitFileType = wrapper.application; includeInIndex = 0; path = "Writers Jam.app"; sourceTree = BUILT_PRODUCTS_DIR; };
		A3E0DAF81FBC8D82003E68A5 /* main.m */ = {isa = PBXFileReference; lastKnownFileType = sourcecode.c.objc; path = main.m; sourceTree = "<group>"; };
		A3E0DAFA1FBC8D82003E68A5 /* AppDelegate.h */ = {isa = PBXFileReference; lastKnownFileType = sourcecode.c.h; path = AppDelegate.h; sourceTree = "<group>"; };
		A3E0DAFB1FBC8D82003E68A5 /* AppDelegate.m */ = {isa = PBXFileReference; lastKnownFileType = sourcecode.c.objc; path = AppDelegate.m; sourceTree = "<group>"; };
		A3E0DAFD1FBC8D82003E68A5 /* ViewController.h */ = {isa = PBXFileReference; lastKnownFileType = sourcecode.c.h; path = ViewController.h; sourceTree = "<group>"; };
		A3E0DAFE1FBC8D82003E68A5 /* ViewController.m */ = {isa = PBXFileReference; lastKnownFileType = sourcecode.c.objc; path = ViewController.m; sourceTree = "<group>"; };
		A3E0DB011FBC8D82003E68A5 /* Base */ = {isa = PBXFileReference; lastKnownFileType = file.storyboard; name = Base; path = Base.lproj/Main.storyboard; sourceTree = "<group>"; };
		A3E0DB031FBC8D82003E68A5 /* Assets.xcassets */ = {isa = PBXFileReference; lastKnownFileType = folder.assetcatalog; path = Assets.xcassets; sourceTree = "<group>"; };
		A3E0DB061FBC8D82003E68A5 /* Base */ = {isa = PBXFileReference; lastKnownFileType = file.storyboard; name = Base; path = Base.lproj/LaunchScreen.storyboard; sourceTree = "<group>"; };
		A3E0DB081FBC8D82003E68A5 /* Info.plist */ = {isa = PBXFileReference; lastKnownFileType = text.plist.xml; path = Info.plist; sourceTree = "<group>"; };
		A3E0DB0D1FBC8D82003E68A5 /* Writers JamTests.xctest */ = {isa = PBXFileReference; explicitFileType = wrapper.cfbundle; includeInIndex = 0; path = "Writers JamTests.xctest"; sourceTree = BUILT_PRODUCTS_DIR; };
		A3E0DB111FBC8D82003E68A5 /* Writers_JamTests.m */ = {isa = PBXFileReference; lastKnownFileType = sourcecode.c.objc; path = Writers_JamTests.m; sourceTree = "<group>"; };
		A3E0DB131FBC8D82003E68A5 /* Info.plist */ = {isa = PBXFileReference; lastKnownFileType = text.plist.xml; path = Info.plist; sourceTree = "<group>"; };
		A3E0DB181FBC8D82003E68A5 /* Writers JamUITests.xctest */ = {isa = PBXFileReference; explicitFileType = wrapper.cfbundle; includeInIndex = 0; path = "Writers JamUITests.xctest"; sourceTree = BUILT_PRODUCTS_DIR; };
		A3E0DB1C1FBC8D82003E68A5 /* Writers_JamUITests.m */ = {isa = PBXFileReference; lastKnownFileType = sourcecode.c.objc; path = Writers_JamUITests.m; sourceTree = "<group>"; };
		A3E0DB1E1FBC8D82003E68A5 /* Info.plist */ = {isa = PBXFileReference; lastKnownFileType = text.plist.xml; path = Info.plist; sourceTree = "<group>"; };
		A3E0DB2B1FBDD3D9003E68A5 /* AVFoundation.framework */ = {isa = PBXFileReference; lastKnownFileType = wrapper.framework; name = AVFoundation.framework; path = System/Library/Frameworks/AVFoundation.framework; sourceTree = SDKROOT; };
		A3E0DB301FBDF3C3003E68A5 /* ChordLibrary.h */ = {isa = PBXFileReference; fileEncoding = 4; lastKnownFileType = sourcecode.c.h; path = ChordLibrary.h; sourceTree = "<group>"; };
		A3E0DB311FBDF3C3003E68A5 /* ChordLibrary.m */ = {isa = PBXFileReference; fileEncoding = 4; lastKnownFileType = sourcecode.c.objc; path = ChordLibrary.m; sourceTree = "<group>"; };
		DE37ECFD1FC4821000EF632C /* KeyController.h */ = {isa = PBXFileReference; fileEncoding = 4; lastKnownFileType = sourcecode.c.h; path = KeyController.h; sourceTree = "<group>"; };
		DE37ECFE1FC4821000EF632C /* KeyController.m */ = {isa = PBXFileReference; fileEncoding = 4; lastKnownFileType = sourcecode.c.objc; path = KeyController.m; sourceTree = "<group>"; };
/* End PBXFileReference section */

/* Begin PBXFrameworksBuildPhase section */
		A3E0DAF11FBC8D82003E68A5 /* Frameworks */ = {
			isa = PBXFrameworksBuildPhase;
			buildActionMask = 2147483647;
			files = (
				A3E0DB2C1FBDD3D9003E68A5 /* AVFoundation.framework in Frameworks */,
			);
			runOnlyForDeploymentPostprocessing = 0;
		};
		A3E0DB0A1FBC8D82003E68A5 /* Frameworks */ = {
			isa = PBXFrameworksBuildPhase;
			buildActionMask = 2147483647;
			files = (
			);
			runOnlyForDeploymentPostprocessing = 0;
		};
		A3E0DB151FBC8D82003E68A5 /* Frameworks */ = {
			isa = PBXFrameworksBuildPhase;
			buildActionMask = 2147483647;
			files = (
			);
			runOnlyForDeploymentPostprocessing = 0;
		};
/* End PBXFrameworksBuildPhase section */

/* Begin PBXGroup section */
		A3A96EE71FC46CDD00C381B5 /* Audio Samples */ = {
			isa = PBXGroup;
			children = (
				A3BE44351FC87DF700324B51 /* Gminor.wav */,
				A3BE44361FC87DF700324B51 /* Gmajor.wav */,
				A3BE44371FC87DF700324B51 /* Gm7b5.wav */,
				A3BE44381FC87DF700324B51 /* Gbminor.wav */,
				A3BE44391FC87DF700324B51 /* Gbmajor.wav */,
				A3BE443A1FC87DF700324B51 /* Gbm7b5.wav */,
				A3BE443B1FC87DF700324B51 /* Fminor.wav */,
				A3BE443C1FC87DF700324B51 /* Fmajor.wav */,
				A3BE443D1FC87DF700324B51 /* Fm7b5.wav */,
				A3BE443E1FC87DF700324B51 /* Eminor.wav */,
				A3BE443F1FC87DF700324B51 /* Emajor.wav */,
				A3BE44401FC87DF700324B51 /* Em7b5.wav */,
				A3BE44411FC87DF700324B51 /* Ebminor.wav */,
				A3BE44421FC87DF700324B51 /* Ebmajor.wav */,
				A3BE44431FC87DF700324B51 /* Ebm7b5.wav */,
				A3BE44441FC87DF700324B51 /* Dminor.wav */,
				A3BE44451FC87DF700324B51 /* Dmajor.wav */,
				A3BE44461FC87DF700324B51 /* Dm7b5.wav */,
				A3BE44471FC87DF700324B51 /* Dbminor.wav */,
				A3BE44481FC87DF700324B51 /* Dbmajor.wav */,
				A3BE44491FC87DF700324B51 /* Dbm7b5.wav */,
				A3BE444A1FC87DF700324B51 /* Cminor.wav */,
				A3BE444B1FC87DF700324B51 /* Cmajor.wav */,
				A3BE444C1FC87DF700324B51 /* Cm7b5.wav */,
				A3BE444D1FC87DF700324B51 /* Bminor.wav */,
				A3BE444E1FC87DF700324B51 /* Bmajor.wav */,
				A3BE444F1FC87DF700324B51 /* Bm7b5.wav */,
				A3BE44501FC87DF700324B51 /* Bbminor.wav */,
				A3BE44511FC87DF700324B51 /* Bbmajor.wav */,
				A3BE44521FC87DF700324B51 /* Bbm7b5.wav */,
				A3BE44531FC87DF700324B51 /* Aminor.wav */,
				A3BE44541FC87DF700324B51 /* Amajor.wav */,
				A3BE44551FC87DF700324B51 /* Am7b5.wav */,
				A3BE44561FC87DF700324B51 /* Abminor.wav */,
				A3BE44571FC87DF700324B51 /* Abmajor.wav */,
				A3BE44581FC87DF700324B51 /* Abm7b5.wav */,
			);
			name = "Audio Samples";
			sourceTree = "<group>";
		};
		A3E0DAEB1FBC8D82003E68A5 = {
			isa = PBXGroup;
			children = (
				A3E0DAF61FBC8D82003E68A5 /* Writers Jam */,
				A3E0DB101FBC8D82003E68A5 /* Writers JamTests */,
				A3E0DB1B1FBC8D82003E68A5 /* Writers JamUITests */,
				A3E0DAF51FBC8D82003E68A5 /* Products */,
				A3E0DB2A1FBDD3D8003E68A5 /* Frameworks */,
			);
			sourceTree = "<group>";
		};
		A3E0DAF51FBC8D82003E68A5 /* Products */ = {
			isa = PBXGroup;
			children = (
				A3E0DAF41FBC8D82003E68A5 /* Writers Jam.app */,
				A3E0DB0D1FBC8D82003E68A5 /* Writers JamTests.xctest */,
				A3E0DB181FBC8D82003E68A5 /* Writers JamUITests.xctest */,
			);
			name = Products;
			sourceTree = "<group>";
		};
		A3E0DAF61FBC8D82003E68A5 /* Writers Jam */ = {
			isa = PBXGroup;
			children = (
				A3E0DAFA1FBC8D82003E68A5 /* AppDelegate.h */,
				A3E0DAFB1FBC8D82003E68A5 /* AppDelegate.m */,
				A3E0DAFD1FBC8D82003E68A5 /* ViewController.h */,
				A3E0DAFE1FBC8D82003E68A5 /* ViewController.m */,
				DE37ECFD1FC4821000EF632C /* KeyController.h */,
				DE37ECFE1FC4821000EF632C /* KeyController.m */,
				A3E0DB001FBC8D82003E68A5 /* Main.storyboard */,
				A3E0DB301FBDF3C3003E68A5 /* ChordLibrary.h */,
				A3E0DB311FBDF3C3003E68A5 /* ChordLibrary.m */,
				A3E0DB031FBC8D82003E68A5 /* Assets.xcassets */,
				A3E0DB051FBC8D82003E68A5 /* LaunchScreen.storyboard */,
				A3E0DB081FBC8D82003E68A5 /* Info.plist */,
				A3A96EE71FC46CDD00C381B5 /* Audio Samples */,
				A3E0DB2F1FBDDC09003E68A5 /* Images */,
				A3E0DAF71FBC8D82003E68A5 /* Supporting Files */,
			);
			path = "Writers Jam";
			sourceTree = "<group>";
		};
		A3E0DAF71FBC8D82003E68A5 /* Supporting Files */ = {
			isa = PBXGroup;
			children = (
				A3E0DAF81FBC8D82003E68A5 /* main.m */,
			);
			name = "Supporting Files";
			sourceTree = "<group>";
		};
		A3E0DB101FBC8D82003E68A5 /* Writers JamTests */ = {
			isa = PBXGroup;
			children = (
				A3E0DB111FBC8D82003E68A5 /* Writers_JamTests.m */,
				A3E0DB131FBC8D82003E68A5 /* Info.plist */,
			);
			path = "Writers JamTests";
			sourceTree = "<group>";
		};
		A3E0DB1B1FBC8D82003E68A5 /* Writers JamUITests */ = {
			isa = PBXGroup;
			children = (
				A3E0DB1C1FBC8D82003E68A5 /* Writers_JamUITests.m */,
				A3E0DB1E1FBC8D82003E68A5 /* Info.plist */,
			);
			path = "Writers JamUITests";
			sourceTree = "<group>";
		};
		A3E0DB2A1FBDD3D8003E68A5 /* Frameworks */ = {
			isa = PBXGroup;
			children = (
				A3E0DB2B1FBDD3D9003E68A5 /* AVFoundation.framework */,
			);
			name = Frameworks;
			sourceTree = "<group>";
		};
		A3E0DB2F1FBDDC09003E68A5 /* Images */ = {
			isa = PBXGroup;
			children = (
			);
			name = Images;
			sourceTree = "<group>";
		};
/* End PBXGroup section */

/* Begin PBXNativeTarget section */
		A3E0DAF31FBC8D82003E68A5 /* Writers Jam */ = {
			isa = PBXNativeTarget;
			buildConfigurationList = A3E0DB211FBC8D82003E68A5 /* Build configuration list for PBXNativeTarget "Writers Jam" */;
			buildPhases = (
				A3E0DAF01FBC8D82003E68A5 /* Sources */,
				A3E0DAF11FBC8D82003E68A5 /* Frameworks */,
				A3E0DAF21FBC8D82003E68A5 /* Resources */,
			);
			buildRules = (
			);
			dependencies = (
			);
			name = "Writers Jam";
			productName = "Writers Jam";
			productReference = A3E0DAF41FBC8D82003E68A5 /* Writers Jam.app */;
			productType = "com.apple.product-type.application";
		};
		A3E0DB0C1FBC8D82003E68A5 /* Writers JamTests */ = {
			isa = PBXNativeTarget;
			buildConfigurationList = A3E0DB241FBC8D82003E68A5 /* Build configuration list for PBXNativeTarget "Writers JamTests" */;
			buildPhases = (
				A3E0DB091FBC8D82003E68A5 /* Sources */,
				A3E0DB0A1FBC8D82003E68A5 /* Frameworks */,
				A3E0DB0B1FBC8D82003E68A5 /* Resources */,
			);
			buildRules = (
			);
			dependencies = (
				A3E0DB0F1FBC8D82003E68A5 /* PBXTargetDependency */,
			);
			name = "Writers JamTests";
			productName = "Writers JamTests";
			productReference = A3E0DB0D1FBC8D82003E68A5 /* Writers JamTests.xctest */;
			productType = "com.apple.product-type.bundle.unit-test";
		};
		A3E0DB171FBC8D82003E68A5 /* Writers JamUITests */ = {
			isa = PBXNativeTarget;
			buildConfigurationList = A3E0DB271FBC8D82003E68A5 /* Build configuration list for PBXNativeTarget "Writers JamUITests" */;
			buildPhases = (
				A3E0DB141FBC8D82003E68A5 /* Sources */,
				A3E0DB151FBC8D82003E68A5 /* Frameworks */,
				A3E0DB161FBC8D82003E68A5 /* Resources */,
			);
			buildRules = (
			);
			dependencies = (
				A3E0DB1A1FBC8D82003E68A5 /* PBXTargetDependency */,
			);
			name = "Writers JamUITests";
			productName = "Writers JamUITests";
			productReference = A3E0DB181FBC8D82003E68A5 /* Writers JamUITests.xctest */;
			productType = "com.apple.product-type.bundle.ui-testing";
		};
/* End PBXNativeTarget section */

/* Begin PBXProject section */
		A3E0DAEC1FBC8D82003E68A5 /* Project object */ = {
			isa = PBXProject;
			attributes = {
				LastUpgradeCheck = 0820;
				ORGANIZATIONNAME = "University of Leeds";
				TargetAttributes = {
					A3E0DAF31FBC8D82003E68A5 = {
						CreatedOnToolsVersion = 8.2.1;
						ProvisioningStyle = Automatic;
					};
					A3E0DB0C1FBC8D82003E68A5 = {
						CreatedOnToolsVersion = 8.2.1;
						ProvisioningStyle = Automatic;
						TestTargetID = A3E0DAF31FBC8D82003E68A5;
					};
					A3E0DB171FBC8D82003E68A5 = {
						CreatedOnToolsVersion = 8.2.1;
						ProvisioningStyle = Automatic;
						TestTargetID = A3E0DAF31FBC8D82003E68A5;
					};
				};
			};
			buildConfigurationList = A3E0DAEF1FBC8D82003E68A5 /* Build configuration list for PBXProject "Writers Jam" */;
			compatibilityVersion = "Xcode 3.2";
			developmentRegion = English;
			hasScannedForEncodings = 0;
			knownRegions = (
				en,
				Base,
			);
			mainGroup = A3E0DAEB1FBC8D82003E68A5;
			productRefGroup = A3E0DAF51FBC8D82003E68A5 /* Products */;
			projectDirPath = "";
			projectRoot = "";
			targets = (
				A3E0DAF31FBC8D82003E68A5 /* Writers Jam */,
				A3E0DB0C1FBC8D82003E68A5 /* Writers JamTests */,
				A3E0DB171FBC8D82003E68A5 /* Writers JamUITests */,
			);
		};
/* End PBXProject section */

/* Begin PBXResourcesBuildPhase section */
		A3E0DAF21FBC8D82003E68A5 /* Resources */ = {
			isa = PBXResourcesBuildPhase;
			buildActionMask = 2147483647;
			files = (
				A3BE446D1FC87DF700324B51 /* Dbm7b5.wav in Resources */,
				A3BE44751FC87DF700324B51 /* Bbmajor.wav in Resources */,
				A3BE44791FC87DF700324B51 /* Am7b5.wav in Resources */,
				A3BE447B1FC87DF700324B51 /* Abmajor.wav in Resources */,
				A3BE445E1FC87DF700324B51 /* Gbm7b5.wav in Resources */,
				A3BE446F1FC87DF700324B51 /* Cmajor.wav in Resources */,
				A3BE44711FC87DF700324B51 /* Bminor.wav in Resources */,
				A3BE44701FC87DF700324B51 /* Cm7b5.wav in Resources */,
				A3BE44771FC87DF700324B51 /* Aminor.wav in Resources */,
				A3BE44631FC87DF700324B51 /* Emajor.wav in Resources */,
				A3BE445F1FC87DF700324B51 /* Fminor.wav in Resources */,
				A3BE44651FC87DF700324B51 /* Ebminor.wav in Resources */,
				A3BE44611FC87DF700324B51 /* Fm7b5.wav in Resources */,
				A3BE445D1FC87DF700324B51 /* Gbmajor.wav in Resources */,
				A3BE44641FC87DF700324B51 /* Em7b5.wav in Resources */,
				A3BE44621FC87DF700324B51 /* Eminor.wav in Resources */,
				A3BE44591FC87DF700324B51 /* Gminor.wav in Resources */,
				A3BE44671FC87DF700324B51 /* Ebm7b5.wav in Resources */,
				A3BE446A1FC87DF700324B51 /* Dm7b5.wav in Resources */,
				A3BE446E1FC87DF700324B51 /* Cminor.wav in Resources */,
				A3BE44741FC87DF700324B51 /* Bbminor.wav in Resources */,
				A3E0DB071FBC8D82003E68A5 /* LaunchScreen.storyboard in Resources */,
				A3BE44721FC87DF700324B51 /* Bmajor.wav in Resources */,
				A3BE44681FC87DF700324B51 /* Dminor.wav in Resources */,
				A3BE447A1FC87DF700324B51 /* Abminor.wav in Resources */,
				A3BE44731FC87DF700324B51 /* Bm7b5.wav in Resources */,
				A3BE44691FC87DF700324B51 /* Dmajor.wav in Resources */,
				A3BE446C1FC87DF700324B51 /* Dbmajor.wav in Resources */,
				A3BE44601FC87DF700324B51 /* Fmajor.wav in Resources */,
				A3BE446B1FC87DF700324B51 /* Dbminor.wav in Resources */,
				A3BE445A1FC87DF700324B51 /* Gmajor.wav in Resources */,
				A3BE44781FC87DF700324B51 /* Amajor.wav in Resources */,
				A3BE44761FC87DF700324B51 /* Bbm7b5.wav in Resources */,
				A3BE445B1FC87DF700324B51 /* Gm7b5.wav in Resources */,
				A3E0DB041FBC8D82003E68A5 /* Assets.xcassets in Resources */,
				A3BE445C1FC87DF700324B51 /* Gbminor.wav in Resources */,
				A3BE447C1FC87DF700324B51 /* Abm7b5.wav in Resources */,
				A3E0DB021FBC8D82003E68A5 /* Main.storyboard in Resources */,
				A3BE44661FC87DF700324B51 /* Ebmajor.wav in Resources */,
			);
			runOnlyForDeploymentPostprocessing = 0;
		};
		A3E0DB0B1FBC8D82003E68A5 /* Resources */ = {
			isa = PBXResourcesBuildPhase;
			buildActionMask = 2147483647;
			files = (
			);
			runOnlyForDeploymentPostprocessing = 0;
		};
		A3E0DB161FBC8D82003E68A5 /* Resources */ = {
			isa = PBXResourcesBuildPhase;
			buildActionMask = 2147483647;
			files = (
			);
			runOnlyForDeploymentPostprocessing = 0;
		};
/* End PBXResourcesBuildPhase section */

/* Begin PBXSourcesBuildPhase section */
		A3E0DAF01FBC8D82003E68A5 /* Sources */ = {
			isa = PBXSourcesBuildPhase;
			buildActionMask = 2147483647;
			files = (
				A3E0DAFF1FBC8D82003E68A5 /* ViewController.m in Sources */,
				A3E0DAFC1FBC8D82003E68A5 /* AppDelegate.m in Sources */,
				A3E0DB321FBDF3C3003E68A5 /* ChordLibrary.m in Sources */,
				DE37ECFF1FC4821000EF632C /* KeyController.m in Sources */,
				A3E0DAF91FBC8D82003E68A5 /* main.m in Sources */,
			);
			runOnlyForDeploymentPostprocessing = 0;
		};
		A3E0DB091FBC8D82003E68A5 /* Sources */ = {
			isa = PBXSourcesBuildPhase;
			buildActionMask = 2147483647;
			files = (
				A3E0DB121FBC8D82003E68A5 /* Writers_JamTests.m in Sources */,
			);
			runOnlyForDeploymentPostprocessing = 0;
		};
		A3E0DB141FBC8D82003E68A5 /* Sources */ = {
			isa = PBXSourcesBuildPhase;
			buildActionMask = 2147483647;
			files = (
				A3E0DB1D1FBC8D82003E68A5 /* Writers_JamUITests.m in Sources */,
			);
			runOnlyForDeploymentPostprocessing = 0;
		};
/* End PBXSourcesBuildPhase section */

/* Begin PBXTargetDependency section */
		A3E0DB0F1FBC8D82003E68A5 /* PBXTargetDependency */ = {
			isa = PBXTargetDependency;
			target = A3E0DAF31FBC8D82003E68A5 /* Writers Jam */;
			targetProxy = A3E0DB0E1FBC8D82003E68A5 /* PBXContainerItemProxy */;
		};
		A3E0DB1A1FBC8D82003E68A5 /* PBXTargetDependency */ = {
			isa = PBXTargetDependency;
			target = A3E0DAF31FBC8D82003E68A5 /* Writers Jam */;
			targetProxy = A3E0DB191FBC8D82003E68A5 /* PBXContainerItemProxy */;
		};
/* End PBXTargetDependency section */

/* Begin PBXVariantGroup section */
		A3E0DB001FBC8D82003E68A5 /* Main.storyboard */ = {
			isa = PBXVariantGroup;
			children = (
				A3E0DB011FBC8D82003E68A5 /* Base */,
			);
			name = Main.storyboard;
			sourceTree = "<group>";
		};
		A3E0DB051FBC8D82003E68A5 /* LaunchScreen.storyboard */ = {
			isa = PBXVariantGroup;
			children = (
				A3E0DB061FBC8D82003E68A5 /* Base */,
			);
			name = LaunchScreen.storyboard;
			sourceTree = "<group>";
		};
/* End PBXVariantGroup section */

/* Begin XCBuildConfiguration section */
		A3E0DB1F1FBC8D82003E68A5 /* Debug */ = {
			isa = XCBuildConfiguration;
			buildSettings = {
				ALWAYS_SEARCH_USER_PATHS = NO;
				CLANG_ANALYZER_NONNULL = YES;
				CLANG_CXX_LANGUAGE_STANDARD = "gnu++0x";
				CLANG_CXX_LIBRARY = "libc++";
				CLANG_ENABLE_MODULES = YES;
				CLANG_ENABLE_OBJC_ARC = YES;
				CLANG_WARN_BOOL_CONVERSION = YES;
				CLANG_WARN_CONSTANT_CONVERSION = YES;
				CLANG_WARN_DIRECT_OBJC_ISA_USAGE = YES_ERROR;
				CLANG_WARN_DOCUMENTATION_COMMENTS = YES;
				CLANG_WARN_EMPTY_BODY = YES;
				CLANG_WARN_ENUM_CONVERSION = YES;
				CLANG_WARN_INFINITE_RECURSION = YES;
				CLANG_WARN_INT_CONVERSION = YES;
				CLANG_WARN_OBJC_ROOT_CLASS = YES_ERROR;
				CLANG_WARN_SUSPICIOUS_MOVE = YES;
				CLANG_WARN_UNREACHABLE_CODE = YES;
				CLANG_WARN__DUPLICATE_METHOD_MATCH = YES;
				"CODE_SIGN_IDENTITY[sdk=iphoneos*]" = "iPhone Developer";
				COPY_PHASE_STRIP = NO;
				DEBUG_INFORMATION_FORMAT = dwarf;
				ENABLE_STRICT_OBJC_MSGSEND = YES;
				ENABLE_TESTABILITY = YES;
				GCC_C_LANGUAGE_STANDARD = gnu99;
				GCC_DYNAMIC_NO_PIC = NO;
				GCC_NO_COMMON_BLOCKS = YES;
				GCC_OPTIMIZATION_LEVEL = 0;
				GCC_PREPROCESSOR_DEFINITIONS = (
					"DEBUG=1",
					"$(inherited)",
				);
				GCC_WARN_64_TO_32_BIT_CONVERSION = YES;
				GCC_WARN_ABOUT_RETURN_TYPE = YES_ERROR;
				GCC_WARN_UNDECLARED_SELECTOR = YES;
				GCC_WARN_UNINITIALIZED_AUTOS = YES_AGGRESSIVE;
				GCC_WARN_UNUSED_FUNCTION = YES;
				GCC_WARN_UNUSED_VARIABLE = YES;
				IPHONEOS_DEPLOYMENT_TARGET = 10.2;
				MTL_ENABLE_DEBUG_INFO = YES;
				ONLY_ACTIVE_ARCH = YES;
				SDKROOT = iphoneos;
				TARGETED_DEVICE_FAMILY = "1,2";
			};
			name = Debug;
		};
		A3E0DB201FBC8D82003E68A5 /* Release */ = {
			isa = XCBuildConfiguration;
			buildSettings = {
				ALWAYS_SEARCH_USER_PATHS = NO;
				CLANG_ANALYZER_NONNULL = YES;
				CLANG_CXX_LANGUAGE_STANDARD = "gnu++0x";
				CLANG_CXX_LIBRARY = "libc++";
				CLANG_ENABLE_MODULES = YES;
				CLANG_ENABLE_OBJC_ARC = YES;
				CLANG_WARN_BOOL_CONVERSION = YES;
				CLANG_WARN_CONSTANT_CONVERSION = YES;
				CLANG_WARN_DIRECT_OBJC_ISA_USAGE = YES_ERROR;
				CLANG_WARN_DOCUMENTATION_COMMENTS = YES;
				CLANG_WARN_EMPTY_BODY = YES;
				CLANG_WARN_ENUM_CONVERSION = YES;
				CLANG_WARN_INFINITE_RECURSION = YES;
				CLANG_WARN_INT_CONVERSION = YES;
				CLANG_WARN_OBJC_ROOT_CLASS = YES_ERROR;
				CLANG_WARN_SUSPICIOUS_MOVE = YES;
				CLANG_WARN_UNREACHABLE_CODE = YES;
				CLANG_WARN__DUPLICATE_METHOD_MATCH = YES;
				"CODE_SIGN_IDENTITY[sdk=iphoneos*]" = "iPhone Developer";
				COPY_PHASE_STRIP = NO;
				DEBUG_INFORMATION_FORMAT = "dwarf-with-dsym";
				ENABLE_NS_ASSERTIONS = NO;
				ENABLE_STRICT_OBJC_MSGSEND = YES;
				GCC_C_LANGUAGE_STANDARD = gnu99;
				GCC_NO_COMMON_BLOCKS = YES;
				GCC_WARN_64_TO_32_BIT_CONVERSION = YES;
				GCC_WARN_ABOUT_RETURN_TYPE = YES_ERROR;
				GCC_WARN_UNDECLARED_SELECTOR = YES;
				GCC_WARN_UNINITIALIZED_AUTOS = YES_AGGRESSIVE;
				GCC_WARN_UNUSED_FUNCTION = YES;
				GCC_WARN_UNUSED_VARIABLE = YES;
				IPHONEOS_DEPLOYMENT_TARGET = 10.2;
				MTL_ENABLE_DEBUG_INFO = NO;
				SDKROOT = iphoneos;
				TARGETED_DEVICE_FAMILY = "1,2";
				VALIDATE_PRODUCT = YES;
			};
			name = Release;
		};
		A3E0DB221FBC8D82003E68A5 /* Debug */ = {
			isa = XCBuildConfiguration;
			buildSettings = {
				ASSETCATALOG_COMPILER_APPICON_NAME = AppIcon;
				INFOPLIST_FILE = "Writers Jam/Info.plist";
				IPHONEOS_DEPLOYMENT_TARGET = 10.0;
				LD_RUNPATH_SEARCH_PATHS = "$(inherited) @executable_path/Frameworks";
				PRODUCT_BUNDLE_IDENTIFIER = "uk.ac.leeds.Writers-Jam";
				PRODUCT_NAME = "$(TARGET_NAME)";
			};
			name = Debug;
		};
		A3E0DB231FBC8D82003E68A5 /* Release */ = {
			isa = XCBuildConfiguration;
			buildSettings = {
				ASSETCATALOG_COMPILER_APPICON_NAME = AppIcon;
				INFOPLIST_FILE = "Writers Jam/Info.plist";
				IPHONEOS_DEPLOYMENT_TARGET = 10.0;
				LD_RUNPATH_SEARCH_PATHS = "$(inherited) @executable_path/Frameworks";
				PRODUCT_BUNDLE_IDENTIFIER = "uk.ac.leeds.Writers-Jam";
				PRODUCT_NAME = "$(TARGET_NAME)";
			};
			name = Release;
		};
		A3E0DB251FBC8D82003E68A5 /* Debug */ = {
			isa = XCBuildConfiguration;
			buildSettings = {
				BUNDLE_LOADER = "$(TEST_HOST)";
				INFOPLIST_FILE = "Writers JamTests/Info.plist";
				LD_RUNPATH_SEARCH_PATHS = "$(inherited) @executable_path/Frameworks @loader_path/Frameworks";
				PRODUCT_BUNDLE_IDENTIFIER = "uk.ac.leeds.Writers-JamTests";
				PRODUCT_NAME = "$(TARGET_NAME)";
				TEST_HOST = "$(BUILT_PRODUCTS_DIR)/Writers Jam.app/Writers Jam";
			};
			name = Debug;
		};
		A3E0DB261FBC8D82003E68A5 /* Release */ = {
			isa = XCBuildConfiguration;
			buildSettings = {
				BUNDLE_LOADER = "$(TEST_HOST)";
				INFOPLIST_FILE = "Writers JamTests/Info.plist";
				LD_RUNPATH_SEARCH_PATHS = "$(inherited) @executable_path/Frameworks @loader_path/Frameworks";
				PRODUCT_BUNDLE_IDENTIFIER = "uk.ac.leeds.Writers-JamTests";
				PRODUCT_NAME = "$(TARGET_NAME)";
				TEST_HOST = "$(BUILT_PRODUCTS_DIR)/Writers Jam.app/Writers Jam";
			};
			name = Release;
		};
		A3E0DB281FBC8D82003E68A5 /* Debug */ = {
			isa = XCBuildConfiguration;
			buildSettings = {
				INFOPLIST_FILE = "Writers JamUITests/Info.plist";
				LD_RUNPATH_SEARCH_PATHS = "$(inherited) @executable_path/Frameworks @loader_path/Frameworks";
				PRODUCT_BUNDLE_IDENTIFIER = "uk.ac.leeds.Writers-JamUITests";
				PRODUCT_NAME = "$(TARGET_NAME)";
				TEST_TARGET_NAME = "Writers Jam";
			};
			name = Debug;
		};
		A3E0DB291FBC8D82003E68A5 /* Release */ = {
			isa = XCBuildConfiguration;
			buildSettings = {
				INFOPLIST_FILE = "Writers JamUITests/Info.plist";
				LD_RUNPATH_SEARCH_PATHS = "$(inherited) @executable_path/Frameworks @loader_path/Frameworks";
				PRODUCT_BUNDLE_IDENTIFIER = "uk.ac.leeds.Writers-JamUITests";
				PRODUCT_NAME = "$(TARGET_NAME)";
				TEST_TARGET_NAME = "Writers Jam";
			};
			name = Release;
		};
/* End XCBuildConfiguration section */

/* Begin XCConfigurationList section */
		A3E0DAEF1FBC8D82003E68A5 /* Build configuration list for PBXProject "Writers Jam" */ = {
			isa = XCConfigurationList;
			buildConfigurations = (
				A3E0DB1F1FBC8D82003E68A5 /* Debug */,
				A3E0DB201FBC8D82003E68A5 /* Release */,
			);
			defaultConfigurationIsVisible = 0;
			defaultConfigurationName = Release;
		};
		A3E0DB211FBC8D82003E68A5 /* Build configuration list for PBXNativeTarget "Writers Jam" */ = {
			isa = XCConfigurationList;
			buildConfigurations = (
				A3E0DB221FBC8D82003E68A5 /* Debug */,
				A3E0DB231FBC8D82003E68A5 /* Release */,
			);
			defaultConfigurationIsVisible = 0;
			defaultConfigurationName = Release;
		};
		A3E0DB241FBC8D82003E68A5 /* Build configuration list for PBXNativeTarget "Writers JamTests" */ = {
			isa = XCConfigurationList;
			buildConfigurations = (
				A3E0DB251FBC8D82003E68A5 /* Debug */,
				A3E0DB261FBC8D82003E68A5 /* Release */,
			);
			defaultConfigurationIsVisible = 0;
			defaultConfigurationName = Release;
		};
		A3E0DB271FBC8D82003E68A5 /* Build configuration list for PBXNativeTarget "Writers JamUITests" */ = {
			isa = XCConfigurationList;
			buildConfigurations = (
				A3E0DB281FBC8D82003E68A5 /* Debug */,
				A3E0DB291FBC8D82003E68A5 /* Release */,
			);
			defaultConfigurationIsVisible = 0;
			defaultConfigurationName = Release;
		};
/* End XCConfigurationList section */
	};
	rootObject = A3E0DAEC1FBC8D82003E68A5 /* Project object */;
}
